lockfileVersion: '6.0'

settings:
  autoInstallPeers: true
  excludeLinksFromLockfile: false

overrides:
  terser: '>=5.14.2 '
  glob-parent: '>=5.1.2'

dependencies:
  '@xterm/addon-attach':
    specifier: 0.10.0-beta.1
    version: 0.10.0-beta.1(xterm@5.3.0)
  '@xterm/addon-fit':
    specifier: 0.9.0-beta.1
    version: 0.9.0-beta.1(xterm@5.3.0)
  '@xterm/addon-search':
    specifier: 0.14.0-beta.1
    version: 0.14.0-beta.1(xterm@5.3.0)
  '@xterm/addon-unicode11':
    specifier: 0.7.0-beta.1
    version: 0.7.0-beta.1(xterm@5.3.0)
  '@xterm/addon-web-links':
    specifier: 0.10.0-beta.1
    version: 0.10.0-beta.1(xterm@5.3.0)
  '@xterm/addon-webgl':
    specifier: 0.17.0-beta.1
    version: 0.17.0-beta.1(xterm@5.3.0)
  html-tag-js:
    specifier: ^1.1.41
    version: 1.1.41
  xterm:
    specifier: ^5.3.0
    version: 5.3.0

devDependencies:
  esbuild:
    specifier: ^0.19.3
    version: 0.19.3
  esbuild-sass-plugin:
    specifier: ^2.15.0
    version: 2.15.0(esbuild@0.19.3)
  jszip:
    specifier: ^3.10.1
    version: 3.10.1

packages:

  /@esbuild/android-arm64@0.19.3:
    resolution: {integrity: sha512-w+Akc0vv5leog550kjJV9Ru+MXMR2VuMrui3C61mnysim0gkFCPOUTAfzTP0qX+HpN9Syu3YA3p1hf3EPqObRw==}
    engines: {node: '>=12'}
    cpu: [arm64]
    os: [android]
    requiresBuild: true
    dev: true
    optional: true

  /@esbuild/android-arm@0.19.3:
    resolution: {integrity: sha512-Lemgw4io4VZl9GHJmjiBGzQ7ONXRfRPHcUEerndjwiSkbxzrpq0Uggku5MxxrXdwJ+pTj1qyw4jwTu7hkPsgIA==}
    engines: {node: '>=12'}
    cpu: [arm]
    os: [android]
    requiresBuild: true
    dev: true
    optional: true

  /@esbuild/android-x64@0.19.3:
    resolution: {integrity: sha512-FKQJKkK5MXcBHoNZMDNUAg1+WcZlV/cuXrWCoGF/TvdRiYS4znA0m5Il5idUwfxrE20bG/vU1Cr5e1AD6IEIjQ==}
    engines: {node: '>=12'}
    cpu: [x64]
    os: [android]
    requiresBuild: true
    dev: true
    optional: true

  /@esbuild/darwin-arm64@0.19.3:
    resolution: {integrity: sha512-kw7e3FXU+VsJSSSl2nMKvACYlwtvZB8RUIeVShIEY6PVnuZ3c9+L9lWB2nWeeKWNNYDdtL19foCQ0ZyUL7nqGw==}
    engines: {node: '>=12'}
    cpu: [arm64]
    os: [darwin]
    requiresBuild: true
    dev: true
    optional: true

  /@esbuild/darwin-x64@0.19.3:
    resolution: {integrity: sha512-tPfZiwF9rO0jW6Jh9ipi58N5ZLoSjdxXeSrAYypy4psA2Yl1dAMhM71KxVfmjZhJmxRjSnb29YlRXXhh3GqzYw==}
    engines: {node: '>=12'}
    cpu: [x64]
    os: [darwin]
    requiresBuild: true
    dev: true
    optional: true

  /@esbuild/freebsd-arm64@0.19.3:
    resolution: {integrity: sha512-ERDyjOgYeKe0Vrlr1iLrqTByB026YLPzTytDTz1DRCYM+JI92Dw2dbpRHYmdqn6VBnQ9Bor6J8ZlNwdZdxjlSg==}
    engines: {node: '>=12'}
    cpu: [arm64]
    os: [freebsd]
    requiresBuild: true
    dev: true
    optional: true

  /@esbuild/freebsd-x64@0.19.3:
    resolution: {integrity: sha512-nXesBZ2Ad1qL+Rm3crN7NmEVJ5uvfLFPLJev3x1j3feCQXfAhoYrojC681RhpdOph8NsvKBBwpYZHR7W0ifTTA==}
    engines: {node: '>=12'}
    cpu: [x64]
    os: [freebsd]
    requiresBuild: true
    dev: true
    optional: true

  /@esbuild/linux-arm64@0.19.3:
    resolution: {integrity: sha512-qXvYKmXj8GcJgWq3aGvxL/JG1ZM3UR272SdPU4QSTzD0eymrM7leiZH77pvY3UetCy0k1xuXZ+VPvoJNdtrsWQ==}
    engines: {node: '>=12'}
    cpu: [arm64]
    os: [linux]
    requiresBuild: true
    dev: true
    optional: true

  /@esbuild/linux-arm@0.19.3:
    resolution: {integrity: sha512-zr48Cg/8zkzZCzDHNxXO/89bf9e+r4HtzNUPoz4GmgAkF1gFAFmfgOdCbR8zMbzFDGb1FqBBhdXUpcTQRYS1cQ==}
    engines: {node: '>=12'}
    cpu: [arm]
    os: [linux]
    requiresBuild: true
    dev: true
    optional: true

  /@esbuild/linux-ia32@0.19.3:
    resolution: {integrity: sha512-7XlCKCA0nWcbvYpusARWkFjRQNWNGlt45S+Q18UeS///K6Aw8bB2FKYe9mhVWy/XLShvCweOLZPrnMswIaDXQA==}
    engines: {node: '>=12'}
    cpu: [ia32]
    os: [linux]
    requiresBuild: true
    dev: true
    optional: true

  /@esbuild/linux-loong64@0.19.3:
    resolution: {integrity: sha512-qGTgjweER5xqweiWtUIDl9OKz338EQqCwbS9c2Bh5jgEH19xQ1yhgGPNesugmDFq+UUSDtWgZ264st26b3de8A==}
    engines: {node: '>=12'}
    cpu: [loong64]
    os: [linux]
    requiresBuild: true
    dev: true
    optional: true

  /@esbuild/linux-mips64el@0.19.3:
    resolution: {integrity: sha512-gy1bFskwEyxVMFRNYSvBauDIWNggD6pyxUksc0MV9UOBD138dKTzr8XnM2R4mBsHwVzeuIH8X5JhmNs2Pzrx+A==}
    engines: {node: '>=12'}
    cpu: [mips64el]
    os: [linux]
    requiresBuild: true
    dev: true
    optional: true

  /@esbuild/linux-ppc64@0.19.3:
    resolution: {integrity: sha512-UrYLFu62x1MmmIe85rpR3qou92wB9lEXluwMB/STDzPF9k8mi/9UvNsG07Tt9AqwPQXluMQ6bZbTzYt01+Ue5g==}
    engines: {node: '>=12'}
    cpu: [ppc64]
    os: [linux]
    requiresBuild: true
    dev: true
    optional: true

  /@esbuild/linux-riscv64@0.19.3:
    resolution: {integrity: sha512-9E73TfyMCbE+1AwFOg3glnzZ5fBAFK4aawssvuMgCRqCYzE0ylVxxzjEfut8xjmKkR320BEoMui4o/t9KA96gA==}
    engines: {node: '>=12'}
    cpu: [riscv64]
    os: [linux]
    requiresBuild: true
    dev: true
    optional: true

  /@esbuild/linux-s390x@0.19.3:
    resolution: {integrity: sha512-LlmsbuBdm1/D66TJ3HW6URY8wO6IlYHf+ChOUz8SUAjVTuaisfuwCOAgcxo3Zsu3BZGxmI7yt//yGOxV+lHcEA==}
    engines: {node: '>=12'}
    cpu: [s390x]
    os: [linux]
    requiresBuild: true
    dev: true
    optional: true

  /@esbuild/linux-x64@0.19.3:
    resolution: {integrity: sha512-ogV0+GwEmvwg/8ZbsyfkYGaLACBQWDvO0Kkh8LKBGKj9Ru8VM39zssrnu9Sxn1wbapA2qNS6BiLdwJZGouyCwQ==}
    engines: {node: '>=12'}
    cpu: [x64]
    os: [linux]
    requiresBuild: true
    dev: true
    optional: true

  /@esbuild/netbsd-x64@0.19.3:
    resolution: {integrity: sha512-o1jLNe4uzQv2DKXMlmEzf66Wd8MoIhLNO2nlQBHLtWyh2MitDG7sMpfCO3NTcoTMuqHjfufgUQDFRI5C+xsXQw==}
    engines: {node: '>=12'}
    cpu: [x64]
    os: [netbsd]
    requiresBuild: true
    dev: true
    optional: true

  /@esbuild/openbsd-x64@0.19.3:
    resolution: {integrity: sha512-AZJCnr5CZgZOdhouLcfRdnk9Zv6HbaBxjcyhq0StNcvAdVZJSKIdOiPB9az2zc06ywl0ePYJz60CjdKsQacp5Q==}
    engines: {node: '>=12'}
    cpu: [x64]
    os: [openbsd]
    requiresBuild: true
    dev: true
    optional: true

  /@esbuild/sunos-x64@0.19.3:
    resolution: {integrity: sha512-Acsujgeqg9InR4glTRvLKGZ+1HMtDm94ehTIHKhJjFpgVzZG9/pIcWW/HA/DoMfEyXmANLDuDZ2sNrWcjq1lxw==}
    engines: {node: '>=12'}
    cpu: [x64]
    os: [sunos]
    requiresBuild: true
    dev: true
    optional: true

  /@esbuild/win32-arm64@0.19.3:
    resolution: {integrity: sha512-FSrAfjVVy7TifFgYgliiJOyYynhQmqgPj15pzLyJk8BUsnlWNwP/IAy6GAiB1LqtoivowRgidZsfpoYLZH586A==}
    engines: {node: '>=12'}
    cpu: [arm64]
    os: [win32]
    requiresBuild: true
    dev: true
    optional: true

  /@esbuild/win32-ia32@0.19.3:
    resolution: {integrity: sha512-xTScXYi12xLOWZ/sc5RBmMN99BcXp/eEf7scUC0oeiRoiT5Vvo9AycuqCp+xdpDyAU+LkrCqEpUS9fCSZF8J3Q==}
    engines: {node: '>=12'}
    cpu: [ia32]
    os: [win32]
    requiresBuild: true
    dev: true
    optional: true

  /@esbuild/win32-x64@0.19.3:
    resolution: {integrity: sha512-FbUN+0ZRXsypPyWE2IwIkVjDkDnJoMJARWOcFZn4KPPli+QnKqF0z1anvfaYe3ev5HFCpRDLLBDHyOALLppWHw==}
    engines: {node: '>=12'}
    cpu: [x64]
    os: [win32]
    requiresBuild: true
    dev: true
    optional: true

  /@xterm/addon-attach@0.10.0-beta.1(xterm@5.3.0):
    resolution: {integrity: sha512-u1LBLVgVR1TZJT/8lFkvl7AZaYx1Z9uzPqh7bGUvsIWPllpnj36Hzv5+jY1FBGVBQv2eZfyUvHCKIiujyCJF2w==}
    peerDependencies:
      xterm: ^5.0.0
    dependencies:
      xterm: 5.3.0
    dev: false

  /@xterm/addon-fit@0.9.0-beta.1(xterm@5.3.0):
    resolution: {integrity: sha512-HmGRUMMamUpQYuQBF2VP1LJ0xzqF85LMFfpaNu84t1Tsrl1lPKJWtqX9FDZ22Rf5q6bnKdbj44TRVAUHgDRbLA==}
    peerDependencies:
      xterm: ^5.0.0
    dependencies:
      xterm: 5.3.0
    dev: false

  /@xterm/addon-search@0.14.0-beta.1(xterm@5.3.0):
    resolution: {integrity: sha512-XPY5vn4ML7+W7lYwIeJu3CXh4Pw/oQ853s6gEng9+33VvREuzcPRr3aNBToQ0UMxmEkZmVtcKh2o1hbGl64deQ==}
    peerDependencies:
      xterm: ^5.0.0
    dependencies:
      xterm: 5.3.0
    dev: false

  /@xterm/addon-unicode11@0.7.0-beta.1(xterm@5.3.0):
    resolution: {integrity: sha512-4FUzF1hMCSK0WcpRZ1GxJlCAb+XEiJxUqv01/GQzEaGwbFUHd7Ekh2zxe8+2NvNXp/PpSaCny5kjKoxNxzrhRQ==}
    peerDependencies:
      xterm: ^5.0.0
    dependencies:
      xterm: 5.3.0
    dev: false

  /@xterm/addon-web-links@0.10.0-beta.1(xterm@5.3.0):
    resolution: {integrity: sha512-eVsIGY8CNk/mJfHWTkPCQ0E/buOxVWKd+awk9EI8GF5rcQJWNHrm1agnZhtGzCTCBXirhnl4lNqyY+z1uwBADQ==}
    peerDependencies:
      xterm: ^5.0.0
    dependencies:
      xterm: 5.3.0
    dev: false

  /@xterm/addon-webgl@0.17.0-beta.1(xterm@5.3.0):
    resolution: {integrity: sha512-SRUh8dFYmD8U37gGGl9+oV+D304wumkV7eoxvD53J5HQERSKAwk3YeIIVUGWu6q6pifjUgGqfiKCIQwbHZ6QIQ==}
    peerDependencies:
      xterm: ^5.0.0
    dependencies:
      xterm: 5.3.0
    dev: false

  /anymatch@3.1.3:
    resolution: {integrity: sha512-KMReFUr0B4t+D+OBkjR3KYqvocp2XaSzO55UcB6mgQMd3KbcE+mWTyvVV7D/zsdEbNnV6acZUutkiHQXvTr1Rw==}
    engines: {node: '>= 8'}
    requiresBuild: true
    dependencies:
      normalize-path: 3.0.0
      picomatch: 2.3.1
    dev: true

  /binary-extensions@2.2.0:
    resolution: {integrity: sha512-jDctJ/IVQbZoJykoeHbhXpOlNBqGNcwXJKJog42E5HDPUwQTSdjCHdihjj0DlnheQ7blbT6dHOafNAiS8ooQKA==}
    engines: {node: '>=8'}
    requiresBuild: true
    dev: true

  /braces@3.0.3:
    resolution: {integrity: sha512-yQbXgO/OSZVD2IsiLlro+7Hf6Q18EJrKSEsdoMzKePKXct3gvD8oLcOQdIzGupr5Fj+EDe8gO/lxc1BzfMpxvA==}
    engines: {node: '>=8'}
    dependencies:
      fill-range: 7.1.1
    dev: true

  /chokidar@3.5.3:
    resolution: {integrity: sha512-Dr3sfKRP6oTcjf2JmUmFJfeVMvXBdegxB0iVQ5eb2V10uFJUCAS8OByZdVAyVb8xXNz3GjjTgj9kLWsZTqE6kw==}
    engines: {node: '>= 8.10.0'}
    dependencies:
      anymatch: 3.1.3
      braces: 3.0.3
      glob-parent: 6.0.2
      is-binary-path: 2.1.0
      is-glob: 4.0.3
      normalize-path: 3.0.0
      readdirp: 3.6.0
    optionalDependencies:
      fsevents: 2.3.3
    dev: true

  /core-util-is@1.0.3:
    resolution: {integrity: sha512-ZQBvi1DcpJ4GDqanjucZ2Hj3wEO5pZDS89BWbkcrvdxksJorwUDDZamX9ldFkp9aw2lmBDLgkObEA4DWNJ9FYQ==}
    dev: true

  /esbuild-sass-plugin@2.15.0(esbuild@0.19.3):
    resolution: {integrity: sha512-T0GCHVfeuGBBgY5k19RbExd7vVuC3lzrK8IZbXOqZftw6N9lTBnZuqKhnhdAJBcu6wek7K/fXJ2zzY6KrcNtAg==}
    peerDependencies:
      esbuild: ^0.19.1
    dependencies:
      esbuild: 0.19.3
      resolve: 1.22.4
      sass: 1.66.1
    dev: true

  /esbuild@0.19.3:
    resolution: {integrity: sha512-UlJ1qUUA2jL2nNib1JTSkifQTcYTroFqRjwCFW4QYEKEsixXD5Tik9xML7zh2gTxkYTBKGHNH9y7txMwVyPbjw==}
    engines: {node: '>=12'}
    hasBin: true
    requiresBuild: true
    optionalDependencies:
      '@esbuild/android-arm': 0.19.3
      '@esbuild/android-arm64': 0.19.3
      '@esbuild/android-x64': 0.19.3
      '@esbuild/darwin-arm64': 0.19.3
      '@esbuild/darwin-x64': 0.19.3
      '@esbuild/freebsd-arm64': 0.19.3
      '@esbuild/freebsd-x64': 0.19.3
      '@esbuild/linux-arm': 0.19.3
      '@esbuild/linux-arm64': 0.19.3
      '@esbuild/linux-ia32': 0.19.3
      '@esbuild/linux-loong64': 0.19.3
      '@esbuild/linux-mips64el': 0.19.3
      '@esbuild/linux-ppc64': 0.19.3
      '@esbuild/linux-riscv64': 0.19.3
      '@esbuild/linux-s390x': 0.19.3
      '@esbuild/linux-x64': 0.19.3
      '@esbuild/netbsd-x64': 0.19.3
      '@esbuild/openbsd-x64': 0.19.3
      '@esbuild/sunos-x64': 0.19.3
      '@esbuild/win32-arm64': 0.19.3
      '@esbuild/win32-ia32': 0.19.3
      '@esbuild/win32-x64': 0.19.3
    dev: true

  /fill-range@7.1.1:
    resolution: {integrity: sha512-YsGpe3WHLK8ZYi4tWDg2Jy3ebRz2rXowDxnld4bkQB00cc/1Zw9AWnC0i9ztDJitivtQvaI9KaLyKrc+hBW0yg==}
    engines: {node: '>=8'}
    dependencies:
      to-regex-range: 5.0.1
    dev: true

  /fsevents@2.3.3:
    resolution: {integrity: sha512-5xoDfX+fL7faATnagmWPpbFtwh/R77WmMMqqHGS65C3vvB0YHrgF+B1YmZ3441tMj5n63k0212XNoJwzlhffQw==}
    engines: {node: ^8.16.0 || ^10.6.0 || >=11.0.0}
    os: [darwin]
    requiresBuild: true
    dev: true
    optional: true

  /function-bind@1.1.1:
    resolution: {integrity: sha512-yIovAzMX49sF8Yl58fSCWJ5svSLuaibPxXQJFLmBObTuCr0Mf1KiPopGM9NiFjiYBCbfaa2Fh6breQ6ANVTI0A==}
    dev: true

  /glob-parent@6.0.2:
    resolution: {integrity: sha512-XxwI8EOhVQgWp6iDL+3b0r86f4d6AX6zSU55HfB4ydCEuXLXc5FcYeOu+nnGftS4TEju/11rt4KJPTMgbfmv4A==}
    engines: {node: '>=10.13.0'}
    dependencies:
      is-glob: 4.0.3
    dev: true

  /has@1.0.3:
    resolution: {integrity: sha512-f2dvO0VU6Oej7RkWJGrehjbzMAjFp5/VKPp5tTpWIV4JHHZK1/BxbFRtf/siA2SWTe09caDmVtYYzWEIbBS4zw==}
    engines: {node: '>= 0.4.0'}
    dependencies:
      function-bind: 1.1.1
    dev: true

  /html-tag-js@1.1.41:
    resolution: {integrity: sha512-qh2R/nsggDqaUB78STw8hbA6O1AHdr3+3FcC17D5YUgqK7hNQEbnZS1qT9t087F3r8FIVy9EIkWAATTjCU/2Yg==}
    dev: false

  /immediate@3.0.6:
    resolution: {integrity: sha512-XXOFtyqDjNDAQxVfYxuF7g9Il/IbWmmlQg2MYKOH8ExIT1qg6xc4zyS3HaEEATgs1btfzxq15ciUiY7gjSXRGQ==}
    dev: true

  /immutable@4.3.2:
    resolution: {integrity: sha512-oGXzbEDem9OOpDWZu88jGiYCvIsLHMvGw+8OXlpsvTFvIQplQbjg1B1cvKg8f7Hoch6+NGjpPsH1Fr+Mc2D1aA==}
    dev: true

  /inherits@2.0.4:
    resolution: {integrity: sha512-k/vGaX4/Yla3WzyMCvTQOXYeIHvqOKtnqBduzTHpzpQZzAskKMhZ2K+EnBiSM9zGSoIFeMpXKxa4dYeZIQqewQ==}
    dev: true

  /is-binary-path@2.1.0:
    resolution: {integrity: sha512-ZMERYes6pDydyuGidse7OsHxtbI7WVeUEozgR/g7rd0xUimYNlvZRE/K2MgZTjWy725IfelLeVcEM97mmtRGXw==}
    engines: {node: '>=8'}
    requiresBuild: true
    dependencies:
      binary-extensions: 2.2.0
    dev: true

  /is-core-module@2.13.0:
    resolution: {integrity: sha512-Z7dk6Qo8pOCp3l4tsX2C5ZVas4V+UxwQodwZhLopL91TX8UyyHEXafPcyoeeWuLrwzHcr3igO78wNLwHJHsMCQ==}
    dependencies:
      has: 1.0.3
    dev: true

  /is-extglob@2.1.1:
    resolution: {integrity: sha512-SbKbANkN603Vi4jEZv49LeVJMn4yGwsbzZworEoyEiutsN3nJYdbO36zfhGJ6QEDpOZIFkDtnq5JRxmvl3jsoQ==}
    engines: {node: '>=0.10.0'}
    requiresBuild: true
    dev: true

  /is-glob@4.0.3:
    resolution: {integrity: sha512-xelSayHH36ZgE7ZWhli7pW34hNbNl8Ojv5KVmkJD4hBdD3th8Tfk9vYasLM+mXWOZhFkgZfxhLSnrwRr4elSSg==}
    engines: {node: '>=0.10.0'}
    dependencies:
      is-extglob: 2.1.1
    dev: true

  /is-number@7.0.0:
    resolution: {integrity: sha512-41Cifkg6e8TylSpdtTpeLVMqvSBEVzTttHvERD741+pnZ8ANv0004MRL43QKPDlK9cGvNp6NZWZUBlbGXYxxng==}
    engines: {node: '>=0.12.0'}
    requiresBuild: true
    dev: true

  /isarray@1.0.0:
    resolution: {integrity: sha512-VLghIWNM6ELQzo7zwmcg0NmTVyWKYjvIeM83yjp0wRDTmUnrM678fQbcKBo6n2CJEF0szoG//ytg+TKla89ALQ==}
    dev: true

  /jszip@3.10.1:
    resolution: {integrity: sha512-xXDvecyTpGLrqFrvkrUSoxxfJI5AH7U8zxxtVclpsUtMCq4JQ290LY8AW5c7Ggnr/Y/oK+bQMbqK2qmtk3pN4g==}
    dependencies:
      lie: 3.3.0
      pako: 1.0.11
      readable-stream: 2.3.8
      setimmediate: 1.0.5
    dev: true

  /lie@3.3.0:
    resolution: {integrity: sha512-UaiMJzeWRlEujzAuw5LokY1L5ecNQYZKfmyZ9L7wDHb/p5etKaxXhohBcrw0EYby+G/NA52vRSN4N39dxHAIwQ==}
    dependencies:
      immediate: 3.0.6
    dev: true

  /normalize-path@3.0.0:
    resolution: {integrity: sha512-6eZs5Ls3WtCisHWp9S2GUy8dqkpGi4BVSz3GaqiE6ezub0512ESztXUwUB6C6IKbQkY2Pnb/mD4WYojCRwcwLA==}
    engines: {node: '>=0.10.0'}
    dev: true

  /pako@1.0.11:
    resolution: {integrity: sha512-4hLB8Py4zZce5s4yd9XzopqwVv/yGNhV1Bl8NTmCq1763HeK2+EwVTv+leGeL13Dnh2wfbqowVPXCIO0z4taYw==}
    dev: true

  /path-parse@1.0.7:
    resolution: {integrity: sha512-LDJzPVEEEPR+y48z93A0Ed0yXb8pAByGWo/k5YYdYgpY2/2EsOsksJrq7lOHxryrVOn1ejG6oAp8ahvOIQD8sw==}
    dev: true

  /picomatch@2.3.1:
    resolution: {integrity: sha512-JU3teHTNjmE2VCGFzuY8EXzCDVwEqB2a8fsIvwaStHhAWJEeVd1o1QD80CU6+ZdEXXSLbSsuLwJjkCBWqRQUVA==}
    engines: {node: '>=8.6'}
    requiresBuild: true
    dev: true

  /process-nextick-args@2.0.1:
    resolution: {integrity: sha512-3ouUOpQhtgrbOa17J7+uxOTpITYWaGP7/AhoR3+A+/1e9skrzelGi/dXzEYyvbxubEF6Wn2ypscTKiKJFFn1ag==}
    dev: true

  /readable-stream@2.3.8:
    resolution: {integrity: sha512-8p0AUk4XODgIewSi0l8Epjs+EVnWiK7NoDIEGU0HhE7+ZyY8D1IMY7odu5lRrFXGg71L15KG8QrPmum45RTtdA==}
    dependencies:
      core-util-is: 1.0.3
      inherits: 2.0.4
      isarray: 1.0.0
      process-nextick-args: 2.0.1
      safe-buffer: 5.1.2
      string_decoder: 1.1.1
      util-deprecate: 1.0.2
    dev: true

  /readdirp@3.6.0:
    resolution: {integrity: sha512-hOS089on8RduqdbhvQ5Z37A0ESjsqz6qnRcffsMU3495FuTdqSm+7bhJ29JvIOsBDEEnan5DPu9t3To9VRlMzA==}
    engines: {node: '>=8.10.0'}
    requiresBuild: true
    dependencies:
      picomatch: 2.3.1
    dev: true

  /resolve@1.22.4:
    resolution: {integrity: sha512-PXNdCiPqDqeUou+w1C2eTQbNfxKSuMxqTCuvlmmMsk1NWHL5fRrhY6Pl0qEYYc6+QqGClco1Qj8XnjPego4wfg==}
    hasBin: true
    dependencies:
      is-core-module: 2.13.0
      path-parse: 1.0.7
      supports-preserve-symlinks-flag: 1.0.0
    dev: true

  /safe-buffer@5.1.2:
    resolution: {integrity: sha512-Gd2UZBJDkXlY7GbJxfsE8/nvKkUEU1G38c1siN6QP6a9PT9MmHB8GnpscSmMJSoF8LOIrt8ud/wPtojys4G6+g==}
    dev: true

  /sass@1.66.1:
    resolution: {integrity: sha512-50c+zTsZOJVgFfTgwwEzkjA3/QACgdNsKueWPyAR0mRINIvLAStVQBbPg14iuqEQ74NPDbXzJARJ/O4SI1zftA==}
    engines: {node: '>=14.0.0'}
    hasBin: true
    dependencies:
      chokidar: 3.5.3
      immutable: 4.3.2
      source-map-js: 1.0.2
    dev: true

  /setimmediate@1.0.5:
    resolution: {integrity: sha512-MATJdZp8sLqDl/68LfQmbP8zKPLQNV6BIZoIgrscFDQ+RsvK/BxeDQOgyxKKoh0y/8h3BqVFnCqQ/gd+reiIXA==}
    dev: true

  /source-map-js@1.0.2:
    resolution: {integrity: sha512-R0XvVJ9WusLiqTCEiGCmICCMplcCkIwwR11mOSD9CR5u+IXYdiseeEuXCVAjS54zqwkLcPNnmU4OeJ6tUrWhDw==}
    engines: {node: '>=0.10.0'}
    dev: true

  /string_decoder@1.1.1:
    resolution: {integrity: sha512-n/ShnvDi6FHbbVfviro+WojiFzv+s8MPMHBczVePfUpDJLwoLT0ht1l4YwBCbi8pJAveEEdnkHyPyTP/mzRfwg==}
    dependencies:
      safe-buffer: 5.1.2
    dev: true

  /supports-preserve-symlinks-flag@1.0.0:
    resolution: {integrity: sha512-ot0WnXS9fgdkgIcePe6RHNk1WA8+muPa6cSjeR3V8K27q9BB1rTE3R1p7Hv0z1ZyAc8s6Vvv8DIyWf681MAt0w==}
    engines: {node: '>= 0.4'}
    dev: true

  /to-regex-range@5.0.1:
    resolution: {integrity: sha512-65P7iz6X5yEr1cwcgvQxbbIw7Uk3gOy5dIdtZ4rDveLqhrdJP+Li/Hx6tyK0NEb+2GCyneCMJiGqrADCSNk8sQ==}
    engines: {node: '>=8.0'}
    requiresBuild: true
    dependencies:
      is-number: 7.0.0
    dev: true

  /util-deprecate@1.0.2:
    resolution: {integrity: sha512-EPD5q1uXyFxJpCrLnCc1nHnq3gOa6DZBocAIiI2TaSCA7VCJ1UJDMagCzIkXNsUYfD1daK//LTEQ8xiIbrHtcw==}
    dev: true

  /xterm@5.3.0:
    resolution: {integrity: sha512-8QqjlekLUFTrU6x7xck1MsPzPA571K5zNqWm0M0oroYEWVOptZ0+ubQSkQ3uxIEhcIHRujJy6emDWX4A7qyFzg==}
    dev: false
